// !$*UTF8*$!
{
	archiveVersion = 1;
	classes = {
	};
	objectVersion = 50;
	objects = {

/* Begin PBXBuildFile section */
		0282A57D26F8FDDF00A65AD5 /* Tooling.swift in Sources */ = {isa = PBXBuildFile; fileRef = 0282A57C26F8FDDF00A65AD5 /* Tooling.swift */; };
		02D7B27226724F010014BB4D /* AppDelegate.swift in Sources */ = {isa = PBXBuildFile; fileRef = 02D7B27126724F010014BB4D /* AppDelegate.swift */; };
		02D7B27426724F010014BB4D /* SceneDelegate.swift in Sources */ = {isa = PBXBuildFile; fileRef = 02D7B27326724F010014BB4D /* SceneDelegate.swift */; };
		02D7B27626724F010014BB4D /* ViewController.swift in Sources */ = {isa = PBXBuildFile; fileRef = 02D7B27526724F010014BB4D /* ViewController.swift */; };
		02D7B27926724F010014BB4D /* Main.storyboard in Resources */ = {isa = PBXBuildFile; fileRef = 02D7B27726724F010014BB4D /* Main.storyboard */; };
		02D7B27B26724F040014BB4D /* Assets.xcassets in Resources */ = {isa = PBXBuildFile; fileRef = 02D7B27A26724F040014BB4D /* Assets.xcassets */; };
		02D7B27E26724F040014BB4D /* LaunchScreen.storyboard in Resources */ = {isa = PBXBuildFile; fileRef = 02D7B27C26724F040014BB4D /* LaunchScreen.storyboard */; };
/* End PBXBuildFile section */

/* Begin PBXFileReference section */
		0282A57C26F8FDDF00A65AD5 /* Tooling.swift */ = {isa = PBXFileReference; lastKnownFileType = sourcecode.swift; path = Tooling.swift; sourceTree = "<group>"; };
		02D7B26E26724F010014BB4D /* day00.app */ = {isa = PBXFileReference; explicitFileType = wrapper.application; includeInIndex = 0; path = day00.app; sourceTree = BUILT_PRODUCTS_DIR; };
		02D7B27126724F010014BB4D /* AppDelegate.swift */ = {isa = PBXFileReference; lastKnownFileType = sourcecode.swift; path = AppDelegate.swift; sourceTree = "<group>"; };
		02D7B27326724F010014BB4D /* SceneDelegate.swift */ = {isa = PBXFileReference; lastKnownFileType = sourcecode.swift; path = SceneDelegate.swift; sourceTree = "<group>"; };
		02D7B27526724F010014BB4D /* ViewController.swift */ = {isa = PBXFileReference; lastKnownFileType = sourcecode.swift; path = ViewController.swift; sourceTree = "<group>"; };
		02D7B27826724F010014BB4D /* Base */ = {isa = PBXFileReference; lastKnownFileType = file.storyboard; name = Base; path = Base.lproj/Main.storyboard; sourceTree = "<group>"; };
		02D7B27A26724F040014BB4D /* Assets.xcassets */ = {isa = PBXFileReference; lastKnownFileType = folder.assetcatalog; path = Assets.xcassets; sourceTree = "<group>"; };
		02D7B27D26724F040014BB4D /* Base */ = {isa = PBXFileReference; lastKnownFileType = file.storyboard; name = Base; path = Base.lproj/LaunchScreen.storyboard; sourceTree = "<group>"; };
		02D7B27F26724F040014BB4D /* Info.plist */ = {isa = PBXFileReference; lastKnownFileType = text.plist.xml; path = Info.plist; sourceTree = "<group>"; };
/* End PBXFileReference section */

/* Begin PBXFrameworksBuildPhase section */
		02D7B26B26724F010014BB4D /* Frameworks */ = {
			isa = PBXFrameworksBuildPhase;
			buildActionMask = 2147483647;
			files = (
			);
			runOnlyForDeploymentPostprocessing = 0;
		};
/* End PBXFrameworksBuildPhase section */

/* Begin PBXGroup section */
		02D7B26526724F010014BB4D = {
			isa = PBXGroup;
			children = (
				02D7B27026724F010014BB4D /* day00 */,
				02D7B26F26724F010014BB4D /* Products */,
			);
			sourceTree = "<group>";
		};
		02D7B26F26724F010014BB4D /* Products */ = {
			isa = PBXGroup;
			children = (
				02D7B26E26724F010014BB4D /* day00.app */,
			);
			name = Products;
			sourceTree = "<group>";
		};
		02D7B27026724F010014BB4D /* day00 */ = {
			isa = PBXGroup;
			children = (
				02D7B27126724F010014BB4D /* AppDelegate.swift */,
				02D7B27326724F010014BB4D /* SceneDelegate.swift */,
				02D7B27526724F010014BB4D /* ViewController.swift */,
				02D7B27726724F010014BB4D /* Main.storyboard */,
				02D7B27A26724F040014BB4D /* Assets.xcassets */,
				02D7B27C26724F040014BB4D /* LaunchScreen.storyboard */,
				02D7B27F26724F040014BB4D /* Info.plist */,
				0282A57C26F8FDDF00A65AD5 /* Tooling.swift */,
			);
			path = day00;
			sourceTree = "<group>";
		};
/* End PBXGroup section */

/* Begin PBXNativeTarget section */
		02D7B26D26724F010014BB4D /* day00 */ = {
			isa = PBXNativeTarget;
			buildConfigurationList = 02D7B28226724F040014BB4D /* Build configuration list for PBXNativeTarget "day00" */;
			buildPhases = (
				02D7B26A26724F010014BB4D /* Sources */,
				02D7B26B26724F010014BB4D /* Frameworks */,
				02D7B26C26724F010014BB4D /* Resources */,
			);
			buildRules = (
			);
			dependencies = (
			);
			name = day00;
			productName = day00;
			productReference = 02D7B26E26724F010014BB4D /* day00.app */;
			productType = "com.apple.product-type.application";
		};
/* End PBXNativeTarget section */

/* Begin PBXProject section */
		02D7B26626724F010014BB4D /* Project object */ = {
			isa = PBXProject;
			attributes = {
				LastSwiftUpdateCheck = 1130;
				LastUpgradeCheck = 1250;
				ORGANIZATIONNAME = 11;
				TargetAttributes = {
					02D7B26D26724F010014BB4D = {
						CreatedOnToolsVersion = 11.3.1;
					};
				};
			};
			buildConfigurationList = 02D7B26926724F010014BB4D /* Build configuration list for PBXProject "day00" */;
			compatibilityVersion = "Xcode 9.3";
			developmentRegion = en;
			hasScannedForEncodings = 0;
			knownRegions = (
				en,
				Base,
			);
			mainGroup = 02D7B26526724F010014BB4D;
			productRefGroup = 02D7B26F26724F010014BB4D /* Products */;
			projectDirPath = "";
			projectRoot = "";
			targets = (
				02D7B26D26724F010014BB4D /* day00 */,
			);
		};
/* End PBXProject section */

/* Begin PBXResourcesBuildPhase section */
		02D7B26C26724F010014BB4D /* Resources */ = {
			isa = PBXResourcesBuildPhase;
			buildActionMask = 2147483647;
			files = (
				02D7B27E26724F040014BB4D /* LaunchScreen.storyboard in Resources */,
				02D7B27B26724F040014BB4D /* Assets.xcassets in Resources */,
				02D7B27926724F010014BB4D /* Main.storyboard in Resources */,
			);
			runOnlyForDeploymentPostprocessing = 0;
		};
/* End PBXResourcesBuildPhase section */

/* Begin PBXSourcesBuildPhase section */
		02D7B26A26724F010014BB4D /* Sources */ = {
			isa = PBXSourcesBuildPhase;
			buildActionMask = 2147483647;
			files = (
				0282A57D26F8FDDF00A65AD5 /* Tooling.swift in Sources */,
				02D7B27626724F010014BB4D /* ViewController.swift in Sources */,
				02D7B27226724F010014BB4D /* AppDelegate.swift in Sources */,
				02D7B27426724F010014BB4D /* SceneDelegate.swift in Sources */,
			);
			runOnlyForDeploymentPostprocessing = 0;
		};
/* End PBXSourcesBuildPhase section */

/* Begin PBXVariantGroup section */
		02D7B27726724F010014BB4D /* Main.storyboard */ = {
			isa = PBXVariantGroup;
			children = (
				02D7B27826724F010014BB4D /* Base */,
			);
			name = Main.storyboard;
			sourceTree = "<group>";
		};
		02D7B27C26724F040014BB4D /* LaunchScreen.storyboard */ = {
			isa = PBXVariantGroup;
			children = (
				02D7B27D26724F040014BB4D /* Base */,
			);
			name = LaunchScreen.storyboard;
			sourceTree = "<group>";
		};
/* End PBXVariantGroup section */

/* Begin XCBuildConfiguration section */
		02D7B28026724F040014BB4D /* Debug */ = {
			isa = XCBuildConfiguration;
			buildSettings = {
				ALWAYS_SEARCH_USER_PATHS = NO;
				CLANG_ANALYZER_NONNULL = YES;
				CLANG_ANALYZER_NUMBER_OBJECT_CONVERSION = YES_AGGRESSIVE;
				CLANG_CXX_LANGUAGE_STANDARD = "gnu++14";
				CLANG_CXX_LIBRARY = "libc++";
				CLANG_ENABLE_MODULES = YES;
				CLANG_ENABLE_OBJC_ARC = YES;
				CLANG_ENABLE_OBJC_WEAK = YES;
				CLANG_WARN_BLOCK_CAPTURE_AUTORELEASING = YES;
				CLANG_WARN_BOOL_CONVERSION = YES;
				CLANG_WARN_COMMA = YES;
				CLANG_WARN_CONSTANT_CONVERSION = YES;
				CLANG_WARN_DEPRECATED_OBJC_IMPLEMENTATIONS = YES;
				CLANG_WARN_DIRECT_OBJC_ISA_USAGE = YES_ERROR;
				CLANG_WARN_DOCUMENTATION_COMMENTS = YES;
				CLANG_WARN_EMPTY_BODY = YES;
				CLANG_WARN_ENUM_CONVERSION = YES;
				CLANG_WARN_INFINITE_RECURSION = YES;
				CLANG_WARN_INT_CONVERSION = YES;
				CLANG_WARN_NON_LITERAL_NULL_CONVERSION = YES;
				CLANG_WARN_OBJC_IMPLICIT_RETAIN_SELF = YES;
				CLANG_WARN_OBJC_LITERAL_CONVERSION = YES;
				CLANG_WARN_OBJC_ROOT_CLASS = YES_ERROR;
				CLANG_WARN_QUOTED_INCLUDE_IN_FRAMEWORK_HEADER = YES;
				CLANG_WARN_RANGE_LOOP_ANALYSIS = YES;
				CLANG_WARN_STRICT_PROTOTYPES = YES;
				CLANG_WARN_SUSPICIOUS_MOVE = YES;
				CLANG_WARN_UNGUARDED_AVAILABILITY = YES_AGGRESSIVE;
				CLANG_WARN_UNREACHABLE_CODE = YES;
				CLANG_WARN__DUPLICATE_METHOD_MATCH = YES;
				COPY_PHASE_STRIP = NO;
				DEBUG_INFORMATION_FORMAT = dwarf;
				ENABLE_STRICT_OBJC_MSGSEND = YES;
				ENABLE_TESTABILITY = YES;
				GCC_C_LANGUAGE_STANDARD = gnu11;
				GCC_DYNAMIC_NO_PIC = NO;
				GCC_NO_COMMON_BLOCKS = YES;
				GCC_OPTIMIZATION_LEVEL = 0;
				GCC_PREPROCESSOR_DEFINITIONS = (
					"DEBUG=1",
					"$(inherited)",
				);
				GCC_WARN_64_TO_32_BIT_CONVERSION = YES;
				GCC_WARN_ABOUT_RETURN_TYPE = YES_ERROR;
				GCC_WARN_UNDECLARED_SELECTOR = YES;
				GCC_WARN_UNINITIALIZED_AUTOS = YES_AGGRESSIVE;
				GCC_WARN_UNUSED_FUNCTION = YES;
				GCC_WARN_UNUSED_VARIABLE = YES;
				IPHONEOS_DEPLOYMENT_TARGET = 13.2;
				MTL_ENABLE_DEBUG_INFO = INCLUDE_SOURCE;
				MTL_FAST_MATH = YES;
				ONLY_ACTIVE_ARCH = YES;
				SDKROOT = iphoneos;
				SWIFT_ACTIVE_COMPILATION_CONDITIONS = DEBUG;
				SWIFT_OPTIMIZATION_LEVEL = "-Onone";
			};
			name = Debug;
		};
		02D7B28126724F040014BB4D /* Release */ = {
			isa = XCBuildConfiguration;
			buildSettings = {
				ALWAYS_SEARCH_USER_PATHS = NO;
				CLANG_ANALYZER_NONNULL = YES;
				CLANG_ANALYZER_NUMBER_OBJECT_CONVERSION = YES_AGGRESSIVE;
				CLANG_CXX_LANGUAGE_STANDARD = "gnu++14";
				CLANG_CXX_LIBRARY = "libc++";
				CLANG_ENABLE_MODULES = YES;
				CLANG_ENABLE_OBJC_ARC = YES;
				CLANG_ENABLE_OBJC_WEAK = YES;
				CLANG_WARN_BLOCK_CAPTURE_AUTORELEASING = YES;
				CLANG_WARN_BOOL_CONVERSION = YES;
				CLANG_WARN_COMMA = YES;
				CLANG_WARN_CONSTANT_CONVERSION = YES;
				CLANG_WARN_DEPRECATED_OBJC_IMPLEMENTATIONS = YES;
				CLANG_WARN_DIRECT_OBJC_ISA_USAGE = YES_ERROR;
				CLANG_WARN_DOCUMENTATION_COMMENTS = YES;
				CLANG_WARN_EMPTY_BODY = YES;
				CLANG_WARN_ENUM_CONVERSION = YES;
				CLANG_WARN_INFINITE_RECURSION = YES;
				CLANG_WARN_INT_CONVERSION = YES;
				CLANG_WARN_NON_LITERAL_NULL_CONVERSION = YES;
				CLANG_WARN_OBJC_IMPLICIT_RETAIN_SELF = YES;
				CLANG_WARN_OBJC_LITERAL_CONVERSION = YES;
				CLANG_WARN_OBJC_ROOT_CLASS = YES_ERROR;
				CLANG_WARN_QUOTED_INCLUDE_IN_FRAMEWORK_HEADER = YES;
				CLANG_WARN_RANGE_LOOP_ANALYSIS = YES;
				CLANG_WARN_STRICT_PROTOTYPES = YES;
				CLANG_WARN_SUSPICIOUS_MOVE = YES;
				CLANG_WARN_UNGUARDED_AVAILABILITY = YES_AGGRESSIVE;
				CLANG_WARN_UNREACHABLE_CODE = YES;
				CLANG_WARN__DUPLICATE_METHOD_MATCH = YES;
				COPY_PHASE_STRIP = NO;
				DEBUG_INFORMATION_FORMAT = "dwarf-with-dsym";
				ENABLE_NS_ASSERTIONS = NO;
				ENABLE_STRICT_OBJC_MSGSEND = YES;
				GCC_C_LANGUAGE_STANDARD = gnu11;
				GCC_NO_COMMON_BLOCKS = YES;
				GCC_WARN_64_TO_32_BIT_CONVERSION = YES;
				GCC_WARN_ABOUT_RETURN_TYPE = YES_ERROR;
				GCC_WARN_UNDECLARED_SELECTOR = YES;
				GCC_WARN_UNINITIALIZED_AUTOS = YES_AGGRESSIVE;
				GCC_WARN_UNUSED_FUNCTION = YES;
				GCC_WARN_UNUSED_VARIABLE = YES;
				IPHONEOS_DEPLOYMENT_TARGET = 13.2;
				MTL_ENABLE_DEBUG_INFO = NO;
				MTL_FAST_MATH = YES;
				SDKROOT = iphoneos;
				SWIFT_COMPILATION_MODE = wholemodule;
				SWIFT_OPTIMIZATION_LEVEL = "-O";
				VALIDATE_PRODUCT = YES;
			};
			name = Release;
		};
		02D7B28326724F040014BB4D /* Debug */ = {
			isa = XCBuildConfiguration;
			buildSettings = {
				ASSETCATALOG_COMPILER_APPICON_NAME = AppIcon;
				CODE_SIGN_STYLE = Automatic;
				INFOPLIST_FILE = day00/Info.plist;
				LD_RUNPATH_SEARCH_PATHS = (
					"$(inherited)",
					"@executable_path/Frameworks",
				);
				PRODUCT_BUNDLE_IDENTIFIER = "-.day00";
				PRODUCT_NAME = "$(TARGET_NAME)";
				SWIFT_VERSION = 5.0;
				TARGETED_DEVICE_FAMILY = "1,2";
			};
			name = Debug;
		};
		02D7B28426724F040014BB4D /* Release */ = {
			isa = XCBuildConfiguration;
			buildSettings = {
				ASSETCATALOG_COMPILER_APPICON_NAME = AppIcon;
				CODE_SIGN_STYLE = Automatic;
				INFOPLIST_FILE = day00/Info.plist;
				LD_RUNPATH_SEARCH_PATHS = (
					"$(inherited)",
					"@executable_path/Frameworks",
				);
				PRODUCT_BUNDLE_IDENTIFIER = "-.day00";
				PRODUCT_NAME = "$(TARGET_NAME)";
				SWIFT_VERSION = 5.0;
				TARGETED_DEVICE_FAMILY = "1,2";
			};
			name = Release;
		};
/* End XCBuildConfiguration section */

/* Begin XCConfigurationList section */
		02D7B26926724F010014BB4D /* Build configuration list for PBXProject "day00" */ = {
			isa = XCConfigurationList;
			buildConfigurations = (
				02D7B28026724F040014BB4D /* Debug */,
				02D7B28126724F040014BB4D /* Release */,
			);
			defaultConfigurationIsVisible = 0;
			defaultConfigurationName = Release;
		};
		02D7B28226724F040014BB4D /* Build configuration list for PBXNativeTarget "day00" */ = {
			isa = XCConfigurationList;
			buildConfigurations = (
				02D7B28326724F040014BB4D /* Debug */,
				02D7B28426724F040014BB4D /* Release */,
			);
			defaultConfigurationIsVisible = 0;
			defaultConfigurationName = Release;
		};
/* End XCConfigurationList section */
	};
	rootObject = 02D7B26626724F010014BB4D /* Project object */;
}
